
Microsoft Visual Studio Solution File, Format Version 12.00
# Visual Studio Version 16
VisualStudioVersion = 16.0.31624.102
MinimumVisualStudioVersion = 10.0.40219.1
Project("{FAE04EC0-301F-11D3-BF4B-00C04F79EFBC}") = "Lesson2App", "Lesson2App\Lesson2App.csproj", "{BAB72698-FCB3-471B-8A72-AF3AC3562AC9}"
EndProject
Global
	GlobalSection(SolutionConfigurationPlatforms) = preSolution
		Debug|Any CPU = Debug|Any CPU
		Release|Any CPU = Release|Any CPU
	EndGlobalSection
	GlobalSection(ProjectConfigurationPlatforms) = postSolution
		{BAB72698-FCB3-471B-8A72-AF3AC3562AC9}.Debug|Any CPU.ActiveCfg = Debug|Any CPU
		{BAB72698-FCB3-471B-8A72-AF3AC3562AC9}.Debug|Any CPU.Build.0 = Debug|Any CPU
		{BAB72698-FCB3-471B-8A72-AF3AC3562AC9}.Release|Any CPU.ActiveCfg = Release|Any CPU
		{BAB72698-FCB3-471B-8A72-AF3AC3562AC9}.Release|Any CPU.Build.0 = Release|Any CPU
	EndGlobalSection
	GlobalSection(SolutionProperties) = preSolution
		HideSolutionNode = FALSE
	EndGlobalSection
	GlobalSection(ExtensibilityGlobals) = postSolution
		SolutionGuid = {7D8DE88B-5259-4AEC-B94E-C1A1CB7230A7}
	EndGlobalSection
EndGlobal
